// !$*UTF8*$!
{
	archiveVersion = 1;
	classes = {
	};
	objectVersion = 46;
	objects = {

/* Begin PBXBuildFile section */
		E1CEED001B589894002D36F5 /* main.m in Sources */ = {isa = PBXBuildFile; fileRef = E1CEECFF1B589894002D36F5 /* main.m */; };
		E1CEED031B589894002D36F5 /* AppDelegate.m in Sources */ = {isa = PBXBuildFile; fileRef = E1CEED021B589894002D36F5 /* AppDelegate.m */; };
		E1CEED061B589894002D36F5 /* ViewController.m in Sources */ = {isa = PBXBuildFile; fileRef = E1CEED051B589894002D36F5 /* ViewController.m */; };
		E1CEED091B589894002D36F5 /* Main.storyboard in Resources */ = {isa = PBXBuildFile; fileRef = E1CEED071B589894002D36F5 /* Main.storyboard */; };
		E1CEED0B1B589894002D36F5 /* Images.xcassets in Resources */ = {isa = PBXBuildFile; fileRef = E1CEED0A1B589894002D36F5 /* Images.xcassets */; };
		E1CEED0E1B589894002D36F5 /* LaunchScreen.xib in Resources */ = {isa = PBXBuildFile; fileRef = E1CEED0C1B589894002D36F5 /* LaunchScreen.xib */; };
		E1CEED1A1B589894002D36F5 /* VegetableListerTests.m in Sources */ = {isa = PBXBuildFile; fileRef = E1CEED191B589894002D36F5 /* VegetableListerTests.m */; };
/* End PBXBuildFile section */

/* Begin PBXContainerItemProxy section */
		E1CEED141B589894002D36F5 /* PBXContainerItemProxy */ = {
			isa = PBXContainerItemProxy;
			containerPortal = E1CEECF21B589894002D36F5 /* Project object */;
			proxyType = 1;
			remoteGlobalIDString = E1CEECF91B589894002D36F5;
			remoteInfo = VegetableLister;
		};
/* End PBXContainerItemProxy section */

/* Begin PBXFileReference section */
		E1CEECFA1B589894002D36F5 /* VegetableLister.app */ = {isa = PBXFileReference; explicitFileType = wrapper.application; includeInIndex = 0; path = VegetableLister.app; sourceTree = BUILT_PRODUCTS_DIR; };
		E1CEECFE1B589894002D36F5 /* Info.plist */ = {isa = PBXFileReference; lastKnownFileType = text.plist.xml; path = Info.plist; sourceTree = "<group>"; };
		E1CEECFF1B589894002D36F5 /* main.m */ = {isa = PBXFileReference; lastKnownFileType = sourcecode.c.objc; path = main.m; sourceTree = "<group>"; };
		E1CEED011B589894002D36F5 /* AppDelegate.h */ = {isa = PBXFileReference; lastKnownFileType = sourcecode.c.h; path = AppDelegate.h; sourceTree = "<group>"; };
		E1CEED021B589894002D36F5 /* AppDelegate.m */ = {isa = PBXFileReference; lastKnownFileType = sourcecode.c.objc; path = AppDelegate.m; sourceTree = "<group>"; };
		E1CEED041B589894002D36F5 /* ViewController.h */ = {isa = PBXFileReference; lastKnownFileType = sourcecode.c.h; path = ViewController.h; sourceTree = "<group>"; };
		E1CEED051B589894002D36F5 /* ViewController.m */ = {isa = PBXFileReference; lastKnownFileType = sourcecode.c.objc; path = ViewController.m; sourceTree = "<group>"; };
		E1CEED081B589894002D36F5 /* Base */ = {isa = PBXFileReference; lastKnownFileType = file.storyboard; name = Base; path = Base.lproj/Main.storyboard; sourceTree = "<group>"; };
		E1CEED0A1B589894002D36F5 /* Images.xcassets */ = {isa = PBXFileReference; lastKnownFileType = folder.assetcatalog; path = Images.xcassets; sourceTree = "<group>"; };
		E1CEED0D1B589894002D36F5 /* Base */ = {isa = PBXFileReference; lastKnownFileType = file.xib; name = Base; path = Base.lproj/LaunchScreen.xib; sourceTree = "<group>"; };
		E1CEED131B589894002D36F5 /* VegetableListerTests.xctest */ = {isa = PBXFileReference; explicitFileType = wrapper.cfbundle; includeInIndex = 0; path = VegetableListerTests.xctest; sourceTree = BUILT_PRODUCTS_DIR; };
		E1CEED181B589894002D36F5 /* Info.plist */ = {isa = PBXFileReference; lastKnownFileType = text.plist.xml; path = Info.plist; sourceTree = "<group>"; };
		E1CEED191B589894002D36F5 /* VegetableListerTests.m */ = {isa = PBXFileReference; lastKnownFileType = sourcecode.c.objc; path = VegetableListerTests.m; sourceTree = "<group>"; };
/* End PBXFileReference section */

/* Begin PBXFrameworksBuildPhase section */
		E1CEECF71B589894002D36F5 /* Frameworks */ = {
			isa = PBXFrameworksBuildPhase;
			buildActionMask = 2147483647;
			files = (
			);
			runOnlyForDeploymentPostprocessing = 0;
		};
		E1CEED101B589894002D36F5 /* Frameworks */ = {
			isa = PBXFrameworksBuildPhase;
			buildActionMask = 2147483647;
			files = (
			);
			runOnlyForDeploymentPostprocessing = 0;
		};
/* End PBXFrameworksBuildPhase section */

/* Begin PBXGroup section */
		E1CEECF11B589894002D36F5 = {
			isa = PBXGroup;
			children = (
				E1CEECFC1B589894002D36F5 /* VegetableLister */,
				E1CEED161B589894002D36F5 /* VegetableListerTests */,
				E1CEECFB1B589894002D36F5 /* Products */,
			);
			sourceTree = "<group>";
		};
		E1CEECFB1B589894002D36F5 /* Products */ = {
			isa = PBXGroup;
			children = (
				E1CEECFA1B589894002D36F5 /* VegetableLister.app */,
				E1CEED131B589894002D36F5 /* VegetableListerTests.xctest */,
			);
			name = Products;
			sourceTree = "<group>";
		};
		E1CEECFC1B589894002D36F5 /* VegetableLister */ = {
			isa = PBXGroup;
			children = (
				E1CEED011B589894002D36F5 /* AppDelegate.h */,
				E1CEED021B589894002D36F5 /* AppDelegate.m */,
				E1CEED041B589894002D36F5 /* ViewController.h */,
				E1CEED051B589894002D36F5 /* ViewController.m */,
				E1CEED071B589894002D36F5 /* Main.storyboard */,
				E1CEED0A1B589894002D36F5 /* Images.xcassets */,
				E1CEED0C1B589894002D36F5 /* LaunchScreen.xib */,
				E1CEECFD1B589894002D36F5 /* Supporting Files */,
			);
			path = VegetableLister;
			sourceTree = "<group>";
		};
		E1CEECFD1B589894002D36F5 /* Supporting Files */ = {
			isa = PBXGroup;
			children = (
				E1CEECFE1B589894002D36F5 /* Info.plist */,
				E1CEECFF1B589894002D36F5 /* main.m */,
			);
			name = "Supporting Files";
			sourceTree = "<group>";
		};
		E1CEED161B589894002D36F5 /* VegetableListerTests */ = {
			isa = PBXGroup;
			children = (
				E1CEED191B589894002D36F5 /* VegetableListerTests.m */,
				E1CEED171B589894002D36F5 /* Supporting Files */,
			);
			path = VegetableListerTests;
			sourceTree = "<group>";
		};
		E1CEED171B589894002D36F5 /* Supporting Files */ = {
			isa = PBXGroup;
			children = (
				E1CEED181B589894002D36F5 /* Info.plist */,
			);
			name = "Supporting Files";
			sourceTree = "<group>";
		};
/* End PBXGroup section */

/* Begin PBXNativeTarget section */
		E1CEECF91B589894002D36F5 /* VegetableLister */ = {
			isa = PBXNativeTarget;
			buildConfigurationList = E1CEED1D1B589894002D36F5 /* Build configuration list for PBXNativeTarget "VegetableLister" */;
			buildPhases = (
				E1CEECF61B589894002D36F5 /* Sources */,
				E1CEECF71B589894002D36F5 /* Frameworks */,
				E1CEECF81B589894002D36F5 /* Resources */,
			);
			buildRules = (
			);
			dependencies = (
			);
			name = VegetableLister;
			productName = VegetableLister;
			productReference = E1CEECFA1B589894002D36F5 /* VegetableLister.app */;
			productType = "com.apple.product-type.application";
		};
		E1CEED121B589894002D36F5 /* VegetableListerTests */ = {
			isa = PBXNativeTarget;
			buildConfigurationList = E1CEED201B589894002D36F5 /* Build configuration list for PBXNativeTarget "VegetableListerTests" */;
			buildPhases = (
				E1CEED0F1B589894002D36F5 /* Sources */,
				E1CEED101B589894002D36F5 /* Frameworks */,
				E1CEED111B589894002D36F5 /* Resources */,
			);
			buildRules = (
			);
			dependencies = (
				E1CEED151B589894002D36F5 /* PBXTargetDependency */,
			);
			name = VegetableListerTests;
			productName = VegetableListerTests;
			productReference = E1CEED131B589894002D36F5 /* VegetableListerTests.xctest */;
			productType = "com.apple.product-type.bundle.unit-test";
		};
/* End PBXNativeTarget section */

/* Begin PBXProject section */
		E1CEECF21B589894002D36F5 /* Project object */ = {
			isa = PBXProject;
			attributes = {
				LastUpgradeCheck = 0640;
				ORGANIZATIONNAME = "Saksham Saini";
				TargetAttributes = {
					E1CEECF91B589894002D36F5 = {
						CreatedOnToolsVersion = 6.4;
					};
					E1CEED121B589894002D36F5 = {
						CreatedOnToolsVersion = 6.4;
						TestTargetID = E1CEECF91B589894002D36F5;
					};
				};
			};
			buildConfigurationList = E1CEECF51B589894002D36F5 /* Build configuration list for PBXProject "VegetableLister" */;
			compatibilityVersion = "Xcode 3.2";
			developmentRegion = English;
			hasScannedForEncodings = 0;
			knownRegions = (
				en,
				Base,
			);
			mainGroup = E1CEECF11B589894002D36F5;
			productRefGroup = E1CEECFB1B589894002D36F5 /* Products */;
			projectDirPath = "";
			projectRoot = "";
			targets = (
				E1CEECF91B589894002D36F5 /* VegetableLister */,
				E1CEED121B589894002D36F5 /* VegetableListerTests */,
			);
		};
/* End PBXProject section */

/* Begin PBXResourcesBuildPhase section */
		E1CEECF81B589894002D36F5 /* Resources */ = {
			isa = PBXResourcesBuildPhase;
			buildActionMask = 2147483647;
			files = (
				E1CEED091B589894002D36F5 /* Main.storyboard in Resources */,
				E1CEED0E1B589894002D36F5 /* LaunchScreen.xib in Resources */,
				E1CEED0B1B589894002D36F5 /* Images.xcassets in Resources */,
			);
			runOnlyForDeploymentPostprocessing = 0;
		};
		E1CEED111B589894002D36F5 /* Resources */ = {
			isa = PBXResourcesBuildPhase;
			buildActionMask = 2147483647;
			files = (
			);
			runOnlyForDeploymentPostprocessing = 0;
		};
/* End PBXResourcesBuildPhase section */

/* Begin PBXSourcesBuildPhase section */
		E1CEECF61B589894002D36F5 /* Sources */ = {
			isa = PBXSourcesBuildPhase;
			buildActionMask = 2147483647;
			files = (
				E1CEED061B589894002D36F5 /* ViewController.m in Sources */,
				E1CEED031B589894002D36F5 /* AppDelegate.m in Sources */,
				E1CEED001B589894002D36F5 /* main.m in Sources */,
			);
			runOnlyForDeploymentPostprocessing = 0;
		};
		E1CEED0F1B589894002D36F5 /* Sources */ = {
			isa = PBXSourcesBuildPhase;
			buildActionMask = 2147483647;
			files = (
				E1CEED1A1B589894002D36F5 /* VegetableListerTests.m in Sources */,
			);
			runOnlyForDeploymentPostprocessing = 0;
		};
/* End PBXSourcesBuildPhase section */

/* Begin PBXTargetDependency section */
		E1CEED151B589894002D36F5 /* PBXTargetDependency */ = {
			isa = PBXTargetDependency;
			target = E1CEECF91B589894002D36F5 /* VegetableLister */;
			targetProxy = E1CEED141B589894002D36F5 /* PBXContainerItemProxy */;
		};
/* End PBXTargetDependency section */

/* Begin PBXVariantGroup section */
		E1CEED071B589894002D36F5 /* Main.storyboard */ = {
			isa = PBXVariantGroup;
			children = (
				E1CEED081B589894002D36F5 /* Base */,
			);
			name = Main.storyboard;
			sourceTree = "<group>";
		};
		E1CEED0C1B589894002D36F5 /* LaunchScreen.xib */ = {
			isa = PBXVariantGroup;
			children = (
				E1CEED0D1B589894002D36F5 /* Base */,
			);
			name = LaunchScreen.xib;
			sourceTree = "<group>";
		};
/* End PBXVariantGroup section */

/* Begin XCBuildConfiguration section */
		E1CEED1B1B589894002D36F5 /* Debug */ = {
			isa = XCBuildConfiguration;
			buildSettings = {
				ALWAYS_SEARCH_USER_PATHS = NO;
				CLANG_CXX_LANGUAGE_STANDARD = "gnu++0x";
				CLANG_CXX_LIBRARY = "libc++";
				CLANG_ENABLE_MODULES = YES;
				CLANG_ENABLE_OBJC_ARC = YES;
				CLANG_WARN_BOOL_CONVERSION = YES;
				CLANG_WARN_CONSTANT_CONVERSION = YES;
				CLANG_WARN_DIRECT_OBJC_ISA_USAGE = YES_ERROR;
				CLANG_WARN_EMPTY_BODY = YES;
				CLANG_WARN_ENUM_CONVERSION = YES;
				CLANG_WARN_INT_CONVERSION = YES;
				CLANG_WARN_OBJC_ROOT_CLASS = YES_ERROR;
				CLANG_WARN_UNREACHABLE_CODE = YES;
				CLANG_WARN__DUPLICATE_METHOD_MATCH = YES;
				"CODE_SIGN_IDENTITY[sdk=iphoneos*]" = "iPhone Developer";
				COPY_PHASE_STRIP = NO;
				DEBUG_INFORMATION_FORMAT = "dwarf-with-dsym";
				ENABLE_STRICT_OBJC_MSGSEND = YES;
				GCC_C_LANGUAGE_STANDARD = gnu99;
				GCC_DYNAMIC_NO_PIC = NO;
				GCC_NO_COMMON_BLOCKS = YES;
				GCC_OPTIMIZATION_LEVEL = 0;
				GCC_PREPROCESSOR_DEFINITIONS = (
					"DEBUG=1",
					"$(inherited)",
				);
				GCC_SYMBOLS_PRIVATE_EXTERN = NO;
				GCC_WARN_64_TO_32_BIT_CONVERSION = YES;
				GCC_WARN_ABOUT_RETURN_TYPE = YES_ERROR;
				GCC_WARN_UNDECLARED_SELECTOR = YES;
				GCC_WARN_UNINITIALIZED_AUTOS = YES_AGGRESSIVE;
				GCC_WARN_UNUSED_FUNCTION = YES;
				GCC_WARN_UNUSED_VARIABLE = YES;
				IPHONEOS_DEPLOYMENT_TARGET = 8.4;
				MTL_ENABLE_DEBUG_INFO = YES;
				ONLY_ACTIVE_ARCH = YES;
				SDKROOT = iphoneos;
				TARGETED_DEVICE_FAMILY = "1,2";
			};
			name = Debug;
		};
		E1CEED1C1B589894002D36F5 /* Release */ = {
			isa = XCBuildConfiguration;
			buildSettings = {
				ALWAYS_SEARCH_USER_PATHS = NO;
				CLANG_CXX_LANGUAGE_STANDARD = "gnu++0x";
				CLANG_CXX_LIBRARY = "libc++";
				CLANG_ENABLE_MODULES = YES;
				CLANG_ENABLE_OBJC_ARC = YES;
				CLANG_WARN_BOOL_CONVERSION = YES;
				CLANG_WARN_CONSTANT_CONVERSION = YES;
				CLANG_WARN_DIRECT_OBJC_ISA_USAGE = YES_ERROR;
				CLANG_WARN_EMPTY_BODY = YES;
				CLANG_WARN_ENUM_CONVERSION = YES;
				CLANG_WARN_INT_CONVERSION = YES;
				CLANG_WARN_OBJC_ROOT_CLASS = YES_ERROR;
				CLANG_WARN_UNREACHABLE_CODE = YES;
				CLANG_WARN__DUPLICATE_METHOD_MATCH = YES;
				"CODE_SIGN_IDENTITY[sdk=iphoneos*]" = "iPhone Developer";
				COPY_PHASE_STRIP = NO;
				DEBUG_INFORMATION_FORMAT = "dwarf-with-dsym";
				ENABLE_NS_ASSERTIONS = NO;
				ENABLE_STRICT_OBJC_MSGSEND = YES;
				GCC_C_LANGUAGE_STANDARD = gnu99;
				GCC_NO_COMMON_BLOCKS = YES;
				GCC_WARN_64_TO_32_BIT_CONVERSION = YES;
				GCC_WARN_ABOUT_RETURN_TYPE = YES_ERROR;
				GCC_WARN_UNDECLARED_SELECTOR = YES;
				GCC_WARN_UNINITIALIZED_AUTOS = YES_AGGRESSIVE;
				GCC_WARN_UNUSED_FUNCTION = YES;
				GCC_WARN_UNUSED_VARIABLE = YES;
				IPHONEOS_DEPLOYMENT_TARGET = 8.4;
				MTL_ENABLE_DEBUG_INFO = NO;
				SDKROOT = iphoneos;
				TARGETED_DEVICE_FAMILY = "1,2";
				VALIDATE_PRODUCT = YES;
			};
			name = Release;
		};
		E1CEED1E1B589894002D36F5 /* Debug */ = {
			isa = XCBuildConfiguration;
			buildSettings = {
				ASSETCATALOG_COMPILER_APPICON_NAME = AppIcon;
				INFOPLIST_FILE = VegetableLister/Info.plist;
				LD_RUNPATH_SEARCH_PATHS = "$(inherited) @executable_path/Frameworks";
				PRODUCT_NAME = "$(TARGET_NAME)";
			};
			name = Debug;
		};
		E1CEED1F1B589894002D36F5 /* Release */ = {
			isa = XCBuildConfiguration;
			buildSettings = {
				ASSETCATALOG_COMPILER_APPICON_NAME = AppIcon;
				INFOPLIST_FILE = VegetableLister/Info.plist;
				LD_RUNPATH_SEARCH_PATHS = "$(inherited) @executable_path/Frameworks";
				PRODUCT_NAME = "$(TARGET_NAME)";
			};
			name = Release;
		};
		E1CEED211B589894002D36F5 /* Debug */ = {
			isa = XCBuildConfiguration;
			buildSettings = {
				BUNDLE_LOADER = "$(TEST_HOST)";
				FRAMEWORK_SEARCH_PATHS = (
					"$(SDKROOT)/Developer/Library/Frameworks",
					"$(inherited)",
				);
				GCC_PREPROCESSOR_DEFINITIONS = (
					"DEBUG=1",
					"$(inherited)",
				);
				INFOPLIST_FILE = VegetableListerTests/Info.plist;
				LD_RUNPATH_SEARCH_PATHS = "$(inherited) @executable_path/Frameworks @loader_path/Frameworks";
				PRODUCT_NAME = "$(TARGET_NAME)";
				TEST_HOST = "$(BUILT_PRODUCTS_DIR)/VegetableLister.app/VegetableLister";
			};
			name = Debug;
		};
		E1CEED221B589894002D36F5 /* Release */ = {
			isa = XCBuildConfiguration;
			buildSettings = {
				BUNDLE_LOADER = "$(TEST_HOST)";
				FRAMEWORK_SEARCH_PATHS = (
					"$(SDKROOT)/Developer/Library/Frameworks",
					"$(inherited)",
				);
				INFOPLIST_FILE = VegetableListerTests/Info.plist;
				LD_RUNPATH_SEARCH_PATHS = "$(inherited) @executable_path/Frameworks @loader_path/Frameworks";
				PRODUCT_NAME = "$(TARGET_NAME)";
				TEST_HOST = "$(BUILT_PRODUCTS_DIR)/VegetableLister.app/VegetableLister";
			};
			name = Release;
		};
/* End XCBuildConfiguration section */

/* Begin XCConfigurationList section */
		E1CEECF51B589894002D36F5 /* Build configuration list for PBXProject "VegetableLister" */ = {
			isa = XCConfigurationList;
			buildConfigurations = (
				E1CEED1B1B589894002D36F5 /* Debug */,
				E1CEED1C1B589894002D36F5 /* Release */,
			);
			defaultConfigurationIsVisible = 0;
			defaultConfigurationName = Release;
		};
		E1CEED1D1B589894002D36F5 /* Build configuration list for PBXNativeTarget "VegetableLister" */ = {
			isa = XCConfigurationList;
			buildConfigurations = (
				E1CEED1E1B589894002D36F5 /* Debug */,
				E1CEED1F1B589894002D36F5 /* Release */,
			);
			defaultConfigurationIsVisible = 0;
		};
		E1CEED201B589894002D36F5 /* Build configuration list for PBXNativeTarget "VegetableListerTests" */ = {
			isa = XCConfigurationList;
			buildConfigurations = (
				E1CEED211B589894002D36F5 /* Debug */,
				E1CEED221B589894002D36F5 /* Release */,
			);
			defaultConfigurationIsVisible = 0;
		};
/* End XCConfigurationList section */
	};
	rootObject = E1CEECF21B589894002D36F5 /* Project object */;
}
